// !$*UTF8*$!
{
	archiveVersion = 1;
	classes = {
	};
	objectVersion = 55;
	objects = {

/* Begin PBXBuildFile section */
		19E0545427D857140066D2A6 /* MyTabView.swift in Sources */ = {isa = PBXBuildFile; fileRef = 19E0545327D857140066D2A6 /* MyTabView.swift */; };
		19E0545627D85ACA0066D2A6 /* Introduction.swift in Sources */ = {isa = PBXBuildFile; fileRef = 19E0545527D85ACA0066D2A6 /* Introduction.swift */; };
		19E0545827D85AF00066D2A6 /* Diagnosis.swift in Sources */ = {isa = PBXBuildFile; fileRef = 19E0545727D85AF00066D2A6 /* Diagnosis.swift */; };
		19E0545A27D85B480066D2A6 /* Treatments.swift in Sources */ = {isa = PBXBuildFile; fileRef = 19E0545927D85B480066D2A6 /* Treatments.swift */; };
		AA25EE8F27595C25009A5AFE /* AnimalFriendsSUI2021App.swift in Sources */ = {isa = PBXBuildFile; fileRef = AA25EE8E27595C25009A5AFE /* AnimalFriendsSUI2021App.swift */; };
		AA25EE9127595C25009A5AFE /* CallAI.swift in Sources */ = {isa = PBXBuildFile; fileRef = AA25EE9027595C25009A5AFE /* CallAI.swift */; };
		AA25EE9327595C28009A5AFE /* Assets.xcassets in Resources */ = {isa = PBXBuildFile; fileRef = AA25EE9227595C28009A5AFE /* Assets.xcassets */; };
		AA25EE9627595C28009A5AFE /* Preview Assets.xcassets in Resources */ = {isa = PBXBuildFile; fileRef = AA25EE9527595C28009A5AFE /* Preview Assets.xcassets */; };
		AA25EE9E27595D3D009A5AFE /* Alamofire in Frameworks */ = {isa = PBXBuildFile; productRef = AA25EE9D27595D3D009A5AFE /* Alamofire */; };
		AA25EEA127595D52009A5AFE /* SwiftyJSON in Frameworks */ = {isa = PBXBuildFile; productRef = AA25EEA027595D52009A5AFE /* SwiftyJSON */; };
/* End PBXBuildFile section */

/* Begin PBXFileReference section */
		19E0545327D857140066D2A6 /* MyTabView.swift */ = {isa = PBXFileReference; lastKnownFileType = sourcecode.swift; path = MyTabView.swift; sourceTree = "<group>"; };
		19E0545527D85ACA0066D2A6 /* Introduction.swift */ = {isa = PBXFileReference; lastKnownFileType = sourcecode.swift; path = Introduction.swift; sourceTree = "<group>"; };
		19E0545727D85AF00066D2A6 /* Diagnosis.swift */ = {isa = PBXFileReference; lastKnownFileType = sourcecode.swift; path = Diagnosis.swift; sourceTree = "<group>"; };
		19E0545927D85B480066D2A6 /* Treatments.swift */ = {isa = PBXFileReference; lastKnownFileType = sourcecode.swift; path = Treatments.swift; sourceTree = "<group>"; };
		AA25EE8B27595C25009A5AFE /* AnimalFriendsSUI2021.app */ = {isa = PBXFileReference; explicitFileType = wrapper.application; includeInIndex = 0; path = AnimalFriendsSUI2021.app; sourceTree = BUILT_PRODUCTS_DIR; };
		AA25EE8E27595C25009A5AFE /* AnimalFriendsSUI2021App.swift */ = {isa = PBXFileReference; lastKnownFileType = sourcecode.swift; path = AnimalFriendsSUI2021App.swift; sourceTree = "<group>"; };
		AA25EE9027595C25009A5AFE /* CallAI.swift */ = {isa = PBXFileReference; lastKnownFileType = sourcecode.swift; path = CallAI.swift; sourceTree = "<group>"; };
		AA25EE9227595C28009A5AFE /* Assets.xcassets */ = {isa = PBXFileReference; lastKnownFileType = folder.assetcatalog; path = Assets.xcassets; sourceTree = "<group>"; };
		AA25EE9527595C28009A5AFE /* Preview Assets.xcassets */ = {isa = PBXFileReference; lastKnownFileType = folder.assetcatalog; path = "Preview Assets.xcassets"; sourceTree = "<group>"; };
/* End PBXFileReference section */

/* Begin PBXFrameworksBuildPhase section */
		AA25EE8827595C25009A5AFE /* Frameworks */ = {
			isa = PBXFrameworksBuildPhase;
			buildActionMask = 2147483647;
			files = (
				AA25EEA127595D52009A5AFE /* SwiftyJSON in Frameworks */,
				AA25EE9E27595D3D009A5AFE /* Alamofire in Frameworks */,
			);
			runOnlyForDeploymentPostprocessing = 0;
		};
/* End PBXFrameworksBuildPhase section */

/* Begin PBXGroup section */
		AA25EE8227595C25009A5AFE = {
			isa = PBXGroup;
			children = (
				AA25EE8D27595C25009A5AFE /* AnimalFriendsSUI2021 */,
				AA25EE8C27595C25009A5AFE /* Products */,
			);
			sourceTree = "<group>";
		};
		AA25EE8C27595C25009A5AFE /* Products */ = {
			isa = PBXGroup;
			children = (
				AA25EE8B27595C25009A5AFE /* AnimalFriendsSUI2021.app */,
			);
			name = Products;
			sourceTree = "<group>";
		};
		AA25EE8D27595C25009A5AFE /* AnimalFriendsSUI2021 */ = {
			isa = PBXGroup;
			children = (
				AA25EE8E27595C25009A5AFE /* AnimalFriendsSUI2021App.swift */,
				AA25EE9027595C25009A5AFE /* CallAI.swift */,
				19E0545327D857140066D2A6 /* MyTabView.swift */,
				19E0545927D85B480066D2A6 /* Treatments.swift */,
				19E0545727D85AF00066D2A6 /* Diagnosis.swift */,
				19E0545527D85ACA0066D2A6 /* Introduction.swift */,
				AA25EE9227595C28009A5AFE /* Assets.xcassets */,
				AA25EE9427595C28009A5AFE /* Preview Content */,
			);
			path = AnimalFriendsSUI2021;
			sourceTree = "<group>";
		};
		AA25EE9427595C28009A5AFE /* Preview Content */ = {
			isa = PBXGroup;
			children = (
				AA25EE9527595C28009A5AFE /* Preview Assets.xcassets */,
			);
			path = "Preview Content";
			sourceTree = "<group>";
		};
/* End PBXGroup section */

/* Begin PBXNativeTarget section */
		AA25EE8A27595C25009A5AFE /* AnimalFriendsSUI2021 */ = {
			isa = PBXNativeTarget;
			buildConfigurationList = AA25EE9927595C28009A5AFE /* Build configuration list for PBXNativeTarget "AnimalFriendsSUI2021" */;
			buildPhases = (
				AA25EE8727595C25009A5AFE /* Sources */,
				AA25EE8827595C25009A5AFE /* Frameworks */,
				AA25EE8927595C25009A5AFE /* Resources */,
			);
			buildRules = (
			);
			dependencies = (
			);
			name = AnimalFriendsSUI2021;
			packageProductDependencies = (
				AA25EE9D27595D3D009A5AFE /* Alamofire */,
				AA25EEA027595D52009A5AFE /* SwiftyJSON */,
			);
			productName = AnimalFriendsSUI2021;
			productReference = AA25EE8B27595C25009A5AFE /* AnimalFriendsSUI2021.app */;
			productType = "com.apple.product-type.application";
		};
/* End PBXNativeTarget section */

/* Begin PBXProject section */
		AA25EE8327595C25009A5AFE /* Project object */ = {
			isa = PBXProject;
			attributes = {
				BuildIndependentTargetsInParallel = 1;
				LastSwiftUpdateCheck = 1310;
				LastUpgradeCheck = 1310;
				TargetAttributes = {
					AA25EE8A27595C25009A5AFE = {
						CreatedOnToolsVersion = 13.1;
					};
				};
			};
			buildConfigurationList = AA25EE8627595C25009A5AFE /* Build configuration list for PBXProject "AnimalFriendsSUI2021" */;
			compatibilityVersion = "Xcode 13.0";
			developmentRegion = en;
			hasScannedForEncodings = 0;
			knownRegions = (
				en,
				Base,
			);
			mainGroup = AA25EE8227595C25009A5AFE;
			packageReferences = (
				AA25EE9C27595D3D009A5AFE /* XCRemoteSwiftPackageReference "Alamofire" */,
				AA25EE9F27595D52009A5AFE /* XCRemoteSwiftPackageReference "SwiftyJSON" */,
			);
			productRefGroup = AA25EE8C27595C25009A5AFE /* Products */;
			projectDirPath = "";
			projectRoot = "";
			targets = (
				AA25EE8A27595C25009A5AFE /* AnimalFriendsSUI2021 */,
			);
		};
/* End PBXProject section */

/* Begin PBXResourcesBuildPhase section */
		AA25EE8927595C25009A5AFE /* Resources */ = {
			isa = PBXResourcesBuildPhase;
			buildActionMask = 2147483647;
			files = (
				AA25EE9627595C28009A5AFE /* Preview Assets.xcassets in Resources */,
				AA25EE9327595C28009A5AFE /* Assets.xcassets in Resources */,
			);
			runOnlyForDeploymentPostprocessing = 0;
		};
/* End PBXResourcesBuildPhase section */

/* Begin PBXSourcesBuildPhase section */
		AA25EE8727595C25009A5AFE /* Sources */ = {
			isa = PBXSourcesBuildPhase;
			buildActionMask = 2147483647;
			files = (
				AA25EE9127595C25009A5AFE /* CallAI.swift in Sources */,
				19E0545427D857140066D2A6 /* MyTabView.swift in Sources */,
				19E0545827D85AF00066D2A6 /* Diagnosis.swift in Sources */,
				AA25EE8F27595C25009A5AFE /* AnimalFriendsSUI2021App.swift in Sources */,
				19E0545A27D85B480066D2A6 /* Treatments.swift in Sources */,
				19E0545627D85ACA0066D2A6 /* Introduction.swift in Sources */,
			);
			runOnlyForDeploymentPostprocessing = 0;
		};
/* End PBXSourcesBuildPhase section */

/* Begin XCBuildConfiguration section */
		AA25EE9727595C28009A5AFE /* Debug */ = {
			isa = XCBuildConfiguration;
			buildSettings = {
				ALWAYS_SEARCH_USER_PATHS = NO;
				CLANG_ANALYZER_NONNULL = YES;
				CLANG_ANALYZER_NUMBER_OBJECT_CONVERSION = YES_AGGRESSIVE;
				CLANG_CXX_LANGUAGE_STANDARD = "gnu++17";
				CLANG_CXX_LIBRARY = "libc++";
				CLANG_ENABLE_MODULES = YES;
				CLANG_ENABLE_OBJC_ARC = YES;
				CLANG_ENABLE_OBJC_WEAK = YES;
				CLANG_WARN_BLOCK_CAPTURE_AUTORELEASING = YES;
				CLANG_WARN_BOOL_CONVERSION = YES;
				CLANG_WARN_COMMA = YES;
				CLANG_WARN_CONSTANT_CONVERSION = YES;
				CLANG_WARN_DEPRECATED_OBJC_IMPLEMENTATIONS = YES;
				CLANG_WARN_DIRECT_OBJC_ISA_USAGE = YES_ERROR;
				CLANG_WARN_DOCUMENTATION_COMMENTS = YES;
				CLANG_WARN_EMPTY_BODY = YES;
				CLANG_WARN_ENUM_CONVERSION = YES;
				CLANG_WARN_INFINITE_RECURSION = YES;
				CLANG_WARN_INT_CONVERSION = YES;
				CLANG_WARN_NON_LITERAL_NULL_CONVERSION = YES;
				CLANG_WARN_OBJC_IMPLICIT_RETAIN_SELF = YES;
				CLANG_WARN_OBJC_LITERAL_CONVERSION = YES;
				CLANG_WARN_OBJC_ROOT_CLASS = YES_ERROR;
				CLANG_WARN_QUOTED_INCLUDE_IN_FRAMEWORK_HEADER = YES;
				CLANG_WARN_RANGE_LOOP_ANALYSIS = YES;
				CLANG_WARN_STRICT_PROTOTYPES = YES;
				CLANG_WARN_SUSPICIOUS_MOVE = YES;
				CLANG_WARN_UNGUARDED_AVAILABILITY = YES_AGGRESSIVE;
				CLANG_WARN_UNREACHABLE_CODE = YES;
				CLANG_WARN__DUPLICATE_METHOD_MATCH = YES;
				COPY_PHASE_STRIP = NO;
				DEBUG_INFORMATION_FORMAT = dwarf;
				ENABLE_STRICT_OBJC_MSGSEND = YES;
				ENABLE_TESTABILITY = YES;
				GCC_C_LANGUAGE_STANDARD = gnu11;
				GCC_DYNAMIC_NO_PIC = NO;
				GCC_NO_COMMON_BLOCKS = YES;
				GCC_OPTIMIZATION_LEVEL = 0;
				GCC_PREPROCESSOR_DEFINITIONS = (
					"DEBUG=1",
					"$(inherited)",
				);
				GCC_WARN_64_TO_32_BIT_CONVERSION = YES;
				GCC_WARN_ABOUT_RETURN_TYPE = YES_ERROR;
				GCC_WARN_UNDECLARED_SELECTOR = YES;
				GCC_WARN_UNINITIALIZED_AUTOS = YES_AGGRESSIVE;
				GCC_WARN_UNUSED_FUNCTION = YES;
				GCC_WARN_UNUSED_VARIABLE = YES;
				IPHONEOS_DEPLOYMENT_TARGET = 15.0;
				MTL_ENABLE_DEBUG_INFO = INCLUDE_SOURCE;
				MTL_FAST_MATH = YES;
				ONLY_ACTIVE_ARCH = YES;
				SDKROOT = iphoneos;
				SWIFT_ACTIVE_COMPILATION_CONDITIONS = DEBUG;
				SWIFT_OPTIMIZATION_LEVEL = "-Onone";
			};
			name = Debug;
		};
		AA25EE9827595C28009A5AFE /* Release */ = {
			isa = XCBuildConfiguration;
			buildSettings = {
				ALWAYS_SEARCH_USER_PATHS = NO;
				CLANG_ANALYZER_NONNULL = YES;
				CLANG_ANALYZER_NUMBER_OBJECT_CONVERSION = YES_AGGRESSIVE;
				CLANG_CXX_LANGUAGE_STANDARD = "gnu++17";
				CLANG_CXX_LIBRARY = "libc++";
				CLANG_ENABLE_MODULES = YES;
				CLANG_ENABLE_OBJC_ARC = YES;
				CLANG_ENABLE_OBJC_WEAK = YES;
				CLANG_WARN_BLOCK_CAPTURE_AUTORELEASING = YES;
				CLANG_WARN_BOOL_CONVERSION = YES;
				CLANG_WARN_COMMA = YES;
				CLANG_WARN_CONSTANT_CONVERSION = YES;
				CLANG_WARN_DEPRECATED_OBJC_IMPLEMENTATIONS = YES;
				CLANG_WARN_DIRECT_OBJC_ISA_USAGE = YES_ERROR;
				CLANG_WARN_DOCUMENTATION_COMMENTS = YES;
				CLANG_WARN_EMPTY_BODY = YES;
				CLANG_WARN_ENUM_CONVERSION = YES;
				CLANG_WARN_INFINITE_RECURSION = YES;
				CLANG_WARN_INT_CONVERSION = YES;
				CLANG_WARN_NON_LITERAL_NULL_CONVERSION = YES;
				CLANG_WARN_OBJC_IMPLICIT_RETAIN_SELF = YES;
				CLANG_WARN_OBJC_LITERAL_CONVERSION = YES;
				CLANG_WARN_OBJC_ROOT_CLASS = YES_ERROR;
				CLANG_WARN_QUOTED_INCLUDE_IN_FRAMEWORK_HEADER = YES;
				CLANG_WARN_RANGE_LOOP_ANALYSIS = YES;
				CLANG_WARN_STRICT_PROTOTYPES = YES;
				CLANG_WARN_SUSPICIOUS_MOVE = YES;
				CLANG_WARN_UNGUARDED_AVAILABILITY = YES_AGGRESSIVE;
				CLANG_WARN_UNREACHABLE_CODE = YES;
				CLANG_WARN__DUPLICATE_METHOD_MATCH = YES;
				COPY_PHASE_STRIP = NO;
				DEBUG_INFORMATION_FORMAT = "dwarf-with-dsym";
				ENABLE_NS_ASSERTIONS = NO;
				ENABLE_STRICT_OBJC_MSGSEND = YES;
				GCC_C_LANGUAGE_STANDARD = gnu11;
				GCC_NO_COMMON_BLOCKS = YES;
				GCC_WARN_64_TO_32_BIT_CONVERSION = YES;
				GCC_WARN_ABOUT_RETURN_TYPE = YES_ERROR;
				GCC_WARN_UNDECLARED_SELECTOR = YES;
				GCC_WARN_UNINITIALIZED_AUTOS = YES_AGGRESSIVE;
				GCC_WARN_UNUSED_FUNCTION = YES;
				GCC_WARN_UNUSED_VARIABLE = YES;
				IPHONEOS_DEPLOYMENT_TARGET = 15.0;
				MTL_ENABLE_DEBUG_INFO = NO;
				MTL_FAST_MATH = YES;
				SDKROOT = iphoneos;
				SWIFT_COMPILATION_MODE = wholemodule;
				SWIFT_OPTIMIZATION_LEVEL = "-O";
				VALIDATE_PRODUCT = YES;
			};
			name = Release;
		};
		AA25EE9A27595C28009A5AFE /* Debug */ = {
			isa = XCBuildConfiguration;
			buildSettings = {
				ASSETCATALOG_COMPILER_APPICON_NAME = AppIcon;
				ASSETCATALOG_COMPILER_GLOBAL_ACCENT_COLOR_NAME = AccentColor;
				CODE_SIGN_STYLE = Automatic;
				CURRENT_PROJECT_VERSION = 1;
				DEVELOPMENT_ASSET_PATHS = "\"AnimalFriendsSUI2021/Preview Content\"";
				DEVELOPMENT_TEAM = U4WHYADYH2;
				ENABLE_PREVIEWS = YES;
				GENERATE_INFOPLIST_FILE = YES;
				INFOPLIST_KEY_UIApplicationSceneManifest_Generation = YES;
				INFOPLIST_KEY_UIApplicationSupportsIndirectInputEvents = YES;
				INFOPLIST_KEY_UILaunchScreen_Generation = YES;
				INFOPLIST_KEY_UISupportedInterfaceOrientations_iPad = "UIInterfaceOrientationPortrait UIInterfaceOrientationPortraitUpsideDown UIInterfaceOrientationLandscapeLeft UIInterfaceOrientationLandscapeRight";
				INFOPLIST_KEY_UISupportedInterfaceOrientations_iPhone = "UIInterfaceOrientationPortrait UIInterfaceOrientationLandscapeLeft UIInterfaceOrientationLandscapeRight";
				LD_RUNPATH_SEARCH_PATHS = (
					"$(inherited)",
					"@executable_path/Frameworks",
				);
				MARKETING_VERSION = 1.0;
				PRODUCT_BUNDLE_IDENTIFIER = world.aiclub.AnimalFriendsSUI2021;
				PRODUCT_NAME = "$(TARGET_NAME)";
				SWIFT_EMIT_LOC_STRINGS = YES;
				SWIFT_VERSION = 5.0;
				TARGETED_DEVICE_FAMILY = "1,2";
			};
			name = Debug;
		};
		AA25EE9B27595C28009A5AFE /* Release */ = {
			isa = XCBuildConfiguration;
			buildSettings = {
				ASSETCATALOG_COMPILER_APPICON_NAME = AppIcon;
				ASSETCATALOG_COMPILER_GLOBAL_ACCENT_COLOR_NAME = AccentColor;
				CODE_SIGN_STYLE = Automatic;
				CURRENT_PROJECT_VERSION = 1;
				DEVELOPMENT_ASSET_PATHS = "\"AnimalFriendsSUI2021/Preview Content\"";
				DEVELOPMENT_TEAM = U4WHYADYH2;
				ENABLE_PREVIEWS = YES;
				GENERATE_INFOPLIST_FILE = YES;
				INFOPLIST_KEY_UIApplicationSceneManifest_Generation = YES;
				INFOPLIST_KEY_UIApplicationSupportsIndirectInputEvents = YES;
				INFOPLIST_KEY_UILaunchScreen_Generation = YES;
				INFOPLIST_KEY_UISupportedInterfaceOrientations_iPad = "UIInterfaceOrientationPortrait UIInterfaceOrientationPortraitUpsideDown UIInterfaceOrientationLandscapeLeft UIInterfaceOrientationLandscapeRight";
				INFOPLIST_KEY_UISupportedInterfaceOrientations_iPhone = "UIInterfaceOrientationPortrait UIInterfaceOrientationLandscapeLeft UIInterfaceOrientationLandscapeRight";
				LD_RUNPATH_SEARCH_PATHS = (
					"$(inherited)",
					"@executable_path/Frameworks",
				);
				MARKETING_VERSION = 1.0;
				PRODUCT_BUNDLE_IDENTIFIER = world.aiclub.AnimalFriendsSUI2021;
				PRODUCT_NAME = "$(TARGET_NAME)";
				SWIFT_EMIT_LOC_STRINGS = YES;
				SWIFT_VERSION = 5.0;
				TARGETED_DEVICE_FAMILY = "1,2";
			};
			name = Release;
		};
/* End XCBuildConfiguration section */

/* Begin XCConfigurationList section */
		AA25EE8627595C25009A5AFE /* Build configuration list for PBXProject "AnimalFriendsSUI2021" */ = {
			isa = XCConfigurationList;
			buildConfigurations = (
				AA25EE9727595C28009A5AFE /* Debug */,
				AA25EE9827595C28009A5AFE /* Release */,
			);
			defaultConfigurationIsVisible = 0;
			defaultConfigurationName = Release;
		};
		AA25EE9927595C28009A5AFE /* Build configuration list for PBXNativeTarget "AnimalFriendsSUI2021" */ = {
			isa = XCConfigurationList;
			buildConfigurations = (
				AA25EE9A27595C28009A5AFE /* Debug */,
				AA25EE9B27595C28009A5AFE /* Release */,
			);
			defaultConfigurationIsVisible = 0;
			defaultConfigurationName = Release;
		};
/* End XCConfigurationList section */

/* Begin XCRemoteSwiftPackageReference section */
		AA25EE9C27595D3D009A5AFE /* XCRemoteSwiftPackageReference "Alamofire" */ = {
			isa = XCRemoteSwiftPackageReference;
			repositoryURL = "https://github.com/Alamofire/Alamofire";
			requirement = {
				branch = master;
				kind = branch;
			};
		};
		AA25EE9F27595D52009A5AFE /* XCRemoteSwiftPackageReference "SwiftyJSON" */ = {
			isa = XCRemoteSwiftPackageReference;
			repositoryURL = "https://github.com/SwiftyJSON/SwiftyJSON";
			requirement = {
				branch = master;
				kind = branch;
			};
		};
/* End XCRemoteSwiftPackageReference section */

/* Begin XCSwiftPackageProductDependency section */
		AA25EE9D27595D3D009A5AFE /* Alamofire */ = {
			isa = XCSwiftPackageProductDependency;
			package = AA25EE9C27595D3D009A5AFE /* XCRemoteSwiftPackageReference "Alamofire" */;
			productName = Alamofire;
		};
		AA25EEA027595D52009A5AFE /* SwiftyJSON */ = {
			isa = XCSwiftPackageProductDependency;
			package = AA25EE9F27595D52009A5AFE /* XCRemoteSwiftPackageReference "SwiftyJSON" */;
			productName = SwiftyJSON;
		};
/* End XCSwiftPackageProductDependency section */
	};
	rootObject = AA25EE8327595C25009A5AFE /* Project object */;
}
